
Microsoft Visual Studio Solution File, Format Version 12.00
# Visual Studio Version 16
VisualStudioVersion = 16.0.31624.102
MinimumVisualStudioVersion = 10.0.40219.1
Project("{FAE04EC0-301F-11D3-BF4B-00C04F79EFBC}") = "Registerappwithsql", "WindowsFormsApp16\Registerappwithsql.csproj", "{1956D0FD-9085-45E0-A80D-6A4D93D76A74}"
EndProject
Global
	GlobalSection(SolutionConfigurationPlatforms) = preSolution
		Debug|Any CPU = Debug|Any CPU
		Release|Any CPU = Release|Any CPU
	EndGlobalSection
	GlobalSection(ProjectConfigurationPlatforms) = postSolution
		{1956D0FD-9085-45E0-A80D-6A4D93D76A74}.Debug|Any CPU.ActiveCfg = Debug|Any CPU
		{1956D0FD-9085-45E0-A80D-6A4D93D76A74}.Debug|Any CPU.Build.0 = Debug|Any CPU
		{1956D0FD-9085-45E0-A80D-6A4D93D76A74}.Release|Any CPU.ActiveCfg = Release|Any CPU
		{1956D0FD-9085-45E0-A80D-6A4D93D76A74}.Release|Any CPU.Build.0 = Release|Any CPU
	EndGlobalSection
	GlobalSection(SolutionProperties) = preSolution
		HideSolutionNode = FALSE
	EndGlobalSection
	GlobalSection(ExtensibilityGlobals) = postSolution
		SolutionGuid = {A6FF943D-F77E-44FA-AF43-0F617931AE24}
	EndGlobalSection
EndGlobal
